// !$*UTF8*$!
{
	archiveVersion = 1;
	classes = {
	};
	objectVersion = 56;
	objects = {

/* Begin PBXBuildFile section */
		4B7846B22ACB371E00A9B69C /* AppDelegate.swift in Sources */ = {isa = PBXBuildFile; fileRef = 4B7846B12ACB371E00A9B69C /* AppDelegate.swift */; };
		4B7846B42ACB371E00A9B69C /* SceneDelegate.swift in Sources */ = {isa = PBXBuildFile; fileRef = 4B7846B32ACB371E00A9B69C /* SceneDelegate.swift */; };
		4B7846B62ACB371E00A9B69C /* ViewController.swift in Sources */ = {isa = PBXBuildFile; fileRef = 4B7846B52ACB371E00A9B69C /* ViewController.swift */; };
		4B7846B92ACB371E00A9B69C /* Main.storyboard in Resources */ = {isa = PBXBuildFile; fileRef = 4B7846B72ACB371E00A9B69C /* Main.storyboard */; };
		4B7846BC2ACB371E00A9B69C /* alle_assignment.xcdatamodeld in Sources */ = {isa = PBXBuildFile; fileRef = 4B7846BA2ACB371E00A9B69C /* alle_assignment.xcdatamodeld */; };
		4B7846BE2ACB372000A9B69C /* Assets.xcassets in Resources */ = {isa = PBXBuildFile; fileRef = 4B7846BD2ACB372000A9B69C /* Assets.xcassets */; };
		4B7846C12ACB372000A9B69C /* LaunchScreen.storyboard in Resources */ = {isa = PBXBuildFile; fileRef = 4B7846BF2ACB372000A9B69C /* LaunchScreen.storyboard */; };
		4B7846C92ACB3CB600A9B69C /* ImageCollectionViewCell.swift in Sources */ = {isa = PBXBuildFile; fileRef = 4B7846C82ACB3CB600A9B69C /* ImageCollectionViewCell.swift */; };
		4B993ED02ACF0A2E0061EEF8 /* ImageRepository.swift in Sources */ = {isa = PBXBuildFile; fileRef = 4B993ECF2ACF0A2E0061EEF8 /* ImageRepository.swift */; };
		4B993ED22ACF0BB00061EEF8 /* ImageDataClient.swift in Sources */ = {isa = PBXBuildFile; fileRef = 4B993ED12ACF0BB00061EEF8 /* ImageDataClient.swift */; };
		4B993ED42ACF0D2C0061EEF8 /* AlleImageProcessor.swift in Sources */ = {isa = PBXBuildFile; fileRef = 4B993ED32ACF0D2C0061EEF8 /* AlleImageProcessor.swift */; };
		4B993ED62AD01D2D0061EEF8 /* MainViewModel.swift in Sources */ = {isa = PBXBuildFile; fileRef = 4B993ED52AD01D2D0061EEF8 /* MainViewModel.swift */; };
		4BFD626D2ACCAC7B00BABF03 /* ImageProcessor.swift in Sources */ = {isa = PBXBuildFile; fileRef = 4BFD626C2ACCAC7B00BABF03 /* ImageProcessor.swift */; };
		4BFD62702ACDD71300BABF03 /* Vision.framework in Frameworks */ = {isa = PBXBuildFile; fileRef = 4BFD626F2ACDD71300BABF03 /* Vision.framework */; };
		4BFD62722ACDDB0F00BABF03 /* Resnet50.mlmodel in Sources */ = {isa = PBXBuildFile; fileRef = 4BFD62712ACDDB0F00BABF03 /* Resnet50.mlmodel */; };
		4BFD62742ACDE58E00BABF03 /* SheetViewController.swift in Sources */ = {isa = PBXBuildFile; fileRef = 4BFD62732ACDE58E00BABF03 /* SheetViewController.swift */; };
		4BFD62772ACDF0C900BABF03 /* Screenshot+CoreDataClass.swift in Sources */ = {isa = PBXBuildFile; fileRef = 4BFD62752ACDF0C900BABF03 /* Screenshot+CoreDataClass.swift */; };
		4BFD62782ACDF0C900BABF03 /* Screenshot+CoreDataProperties.swift in Sources */ = {isa = PBXBuildFile; fileRef = 4BFD62762ACDF0C900BABF03 /* Screenshot+CoreDataProperties.swift */; };
/* End PBXBuildFile section */

/* Begin PBXFileReference section */
		4B7846AE2ACB371E00A9B69C /* alle_assignment.app */ = {isa = PBXFileReference; explicitFileType = wrapper.application; includeInIndex = 0; path = alle_assignment.app; sourceTree = BUILT_PRODUCTS_DIR; };
		4B7846B12ACB371E00A9B69C /* AppDelegate.swift */ = {isa = PBXFileReference; lastKnownFileType = sourcecode.swift; path = AppDelegate.swift; sourceTree = "<group>"; };
		4B7846B32ACB371E00A9B69C /* SceneDelegate.swift */ = {isa = PBXFileReference; lastKnownFileType = sourcecode.swift; path = SceneDelegate.swift; sourceTree = "<group>"; };
		4B7846B52ACB371E00A9B69C /* ViewController.swift */ = {isa = PBXFileReference; lastKnownFileType = sourcecode.swift; path = ViewController.swift; sourceTree = "<group>"; };
		4B7846B82ACB371E00A9B69C /* Base */ = {isa = PBXFileReference; lastKnownFileType = file.storyboard; name = Base; path = Base.lproj/Main.storyboard; sourceTree = "<group>"; };
		4B7846BB2ACB371E00A9B69C /* alle_assignment.xcdatamodel */ = {isa = PBXFileReference; lastKnownFileType = wrapper.xcdatamodel; path = alle_assignment.xcdatamodel; sourceTree = "<group>"; };
		4B7846BD2ACB372000A9B69C /* Assets.xcassets */ = {isa = PBXFileReference; lastKnownFileType = folder.assetcatalog; path = Assets.xcassets; sourceTree = "<group>"; };
		4B7846C02ACB372000A9B69C /* Base */ = {isa = PBXFileReference; lastKnownFileType = file.storyboard; name = Base; path = Base.lproj/LaunchScreen.storyboard; sourceTree = "<group>"; };
		4B7846C22ACB372000A9B69C /* Info.plist */ = {isa = PBXFileReference; lastKnownFileType = text.plist.xml; path = Info.plist; sourceTree = "<group>"; };
		4B7846C82ACB3CB600A9B69C /* ImageCollectionViewCell.swift */ = {isa = PBXFileReference; lastKnownFileType = sourcecode.swift; path = ImageCollectionViewCell.swift; sourceTree = "<group>"; };
		4B993ECF2ACF0A2E0061EEF8 /* ImageRepository.swift */ = {isa = PBXFileReference; lastKnownFileType = sourcecode.swift; path = ImageRepository.swift; sourceTree = "<group>"; };
		4B993ED12ACF0BB00061EEF8 /* ImageDataClient.swift */ = {isa = PBXFileReference; lastKnownFileType = sourcecode.swift; path = ImageDataClient.swift; sourceTree = "<group>"; };
		4B993ED32ACF0D2C0061EEF8 /* AlleImageProcessor.swift */ = {isa = PBXFileReference; lastKnownFileType = sourcecode.swift; path = AlleImageProcessor.swift; sourceTree = "<group>"; };
		4B993ED52AD01D2D0061EEF8 /* MainViewModel.swift */ = {isa = PBXFileReference; lastKnownFileType = sourcecode.swift; path = MainViewModel.swift; sourceTree = "<group>"; };
		4BFD626C2ACCAC7B00BABF03 /* ImageProcessor.swift */ = {isa = PBXFileReference; lastKnownFileType = sourcecode.swift; path = ImageProcessor.swift; sourceTree = "<group>"; };
		4BFD626F2ACDD71300BABF03 /* Vision.framework */ = {isa = PBXFileReference; lastKnownFileType = wrapper.framework; name = Vision.framework; path = System/Library/Frameworks/Vision.framework; sourceTree = SDKROOT; };
		4BFD62712ACDDB0F00BABF03 /* Resnet50.mlmodel */ = {isa = PBXFileReference; lastKnownFileType = file.mlmodel; path = Resnet50.mlmodel; sourceTree = "<group>"; };
		4BFD62732ACDE58E00BABF03 /* SheetViewController.swift */ = {isa = PBXFileReference; lastKnownFileType = sourcecode.swift; path = SheetViewController.swift; sourceTree = "<group>"; };
		4BFD62752ACDF0C900BABF03 /* Screenshot+CoreDataClass.swift */ = {isa = PBXFileReference; lastKnownFileType = sourcecode.swift; path = "Screenshot+CoreDataClass.swift"; sourceTree = "<group>"; };
		4BFD62762ACDF0C900BABF03 /* Screenshot+CoreDataProperties.swift */ = {isa = PBXFileReference; lastKnownFileType = sourcecode.swift; path = "Screenshot+CoreDataProperties.swift"; sourceTree = "<group>"; };
/* End PBXFileReference section */

/* Begin PBXFrameworksBuildPhase section */
		4B7846AB2ACB371E00A9B69C /* Frameworks */ = {
			isa = PBXFrameworksBuildPhase;
			buildActionMask = 2147483647;
			files = (
				4BFD62702ACDD71300BABF03 /* Vision.framework in Frameworks */,
			);
			runOnlyForDeploymentPostprocessing = 0;
		};
/* End PBXFrameworksBuildPhase section */

/* Begin PBXGroup section */
		4B7846A52ACB371E00A9B69C = {
			isa = PBXGroup;
			children = (
				4BFD62752ACDF0C900BABF03 /* Screenshot+CoreDataClass.swift */,
				4BFD62762ACDF0C900BABF03 /* Screenshot+CoreDataProperties.swift */,
				4B7846B02ACB371E00A9B69C /* alle_assignment */,
				4B7846AF2ACB371E00A9B69C /* Products */,
				4BFD626E2ACDD71300BABF03 /* Frameworks */,
			);
			sourceTree = "<group>";
		};
		4B7846AF2ACB371E00A9B69C /* Products */ = {
			isa = PBXGroup;
			children = (
				4B7846AE2ACB371E00A9B69C /* alle_assignment.app */,
			);
			name = Products;
			sourceTree = "<group>";
		};
		4B7846B02ACB371E00A9B69C /* alle_assignment */ = {
			isa = PBXGroup;
			children = (
				4B993ED82AD01DB80061EEF8 /* ScreenshotInfoScreen */,
				4B993ED72AD01D930061EEF8 /* ScreenshotScreen */,
				4B993ECE2ACF0A0B0061EEF8 /* ImageRepository */,
				4BFD62692ACCAB2800BABF03 /* IntelligenceModule */,
				4B7846B12ACB371E00A9B69C /* AppDelegate.swift */,
				4B7846B32ACB371E00A9B69C /* SceneDelegate.swift */,
				4B7846B72ACB371E00A9B69C /* Main.storyboard */,
				4B7846BD2ACB372000A9B69C /* Assets.xcassets */,
				4B7846BF2ACB372000A9B69C /* LaunchScreen.storyboard */,
				4B7846C22ACB372000A9B69C /* Info.plist */,
				4B7846BA2ACB371E00A9B69C /* alle_assignment.xcdatamodeld */,
			);
			path = alle_assignment;
			sourceTree = "<group>";
		};
		4B993ECE2ACF0A0B0061EEF8 /* ImageRepository */ = {
			isa = PBXGroup;
			children = (
				4B993ECF2ACF0A2E0061EEF8 /* ImageRepository.swift */,
				4B993ED12ACF0BB00061EEF8 /* ImageDataClient.swift */,
			);
			path = ImageRepository;
			sourceTree = "<group>";
		};
		4B993ED72AD01D930061EEF8 /* ScreenshotScreen */ = {
			isa = PBXGroup;
			children = (
				4B7846B52ACB371E00A9B69C /* ViewController.swift */,
				4B993ED52AD01D2D0061EEF8 /* MainViewModel.swift */,
				4B7846C82ACB3CB600A9B69C /* ImageCollectionViewCell.swift */,
			);
			path = ScreenshotScreen;
			sourceTree = "<group>";
		};
		4B993ED82AD01DB80061EEF8 /* ScreenshotInfoScreen */ = {
			isa = PBXGroup;
			children = (
				4BFD62732ACDE58E00BABF03 /* SheetViewController.swift */,
			);
			path = ScreenshotInfoScreen;
			sourceTree = "<group>";
		};
		4BFD62692ACCAB2800BABF03 /* IntelligenceModule */ = {
			isa = PBXGroup;
			children = (
				4BFD626C2ACCAC7B00BABF03 /* ImageProcessor.swift */,
				4B993ED32ACF0D2C0061EEF8 /* AlleImageProcessor.swift */,
			);
			path = IntelligenceModule;
			sourceTree = "<group>";
		};
		4BFD626E2ACDD71300BABF03 /* Frameworks */ = {
			isa = PBXGroup;
			children = (
				4BFD62712ACDDB0F00BABF03 /* Resnet50.mlmodel */,
				4BFD626F2ACDD71300BABF03 /* Vision.framework */,
			);
			name = Frameworks;
			sourceTree = "<group>";
		};
/* End PBXGroup section */

/* Begin PBXNativeTarget section */
		4B7846AD2ACB371E00A9B69C /* alle_assignment */ = {
			isa = PBXNativeTarget;
			buildConfigurationList = 4B7846C52ACB372000A9B69C /* Build configuration list for PBXNativeTarget "alle_assignment" */;
			buildPhases = (
				4B7846AA2ACB371E00A9B69C /* Sources */,
				4B7846AB2ACB371E00A9B69C /* Frameworks */,
				4B7846AC2ACB371E00A9B69C /* Resources */,
			);
			buildRules = (
			);
			dependencies = (
			);
			name = alle_assignment;
			productName = alle_assignment;
			productReference = 4B7846AE2ACB371E00A9B69C /* alle_assignment.app */;
			productType = "com.apple.product-type.application";
		};
/* End PBXNativeTarget section */

/* Begin PBXProject section */
		4B7846A62ACB371E00A9B69C /* Project object */ = {
			isa = PBXProject;
			attributes = {
				BuildIndependentTargetsInParallel = 1;
				LastSwiftUpdateCheck = 1500;
				LastUpgradeCheck = 1500;
				TargetAttributes = {
					4B7846AD2ACB371E00A9B69C = {
						CreatedOnToolsVersion = 15.0;
					};
				};
			};
			buildConfigurationList = 4B7846A92ACB371E00A9B69C /* Build configuration list for PBXProject "alle_assignment" */;
			compatibilityVersion = "Xcode 14.0";
			developmentRegion = en;
			hasScannedForEncodings = 0;
			knownRegions = (
				en,
				Base,
			);
			mainGroup = 4B7846A52ACB371E00A9B69C;
			productRefGroup = 4B7846AF2ACB371E00A9B69C /* Products */;
			projectDirPath = "";
			projectRoot = "";
			targets = (
				4B7846AD2ACB371E00A9B69C /* alle_assignment */,
			);
		};
/* End PBXProject section */

/* Begin PBXResourcesBuildPhase section */
		4B7846AC2ACB371E00A9B69C /* Resources */ = {
			isa = PBXResourcesBuildPhase;
			buildActionMask = 2147483647;
			files = (
				4B7846C12ACB372000A9B69C /* LaunchScreen.storyboard in Resources */,
				4B7846BE2ACB372000A9B69C /* Assets.xcassets in Resources */,
				4B7846B92ACB371E00A9B69C /* Main.storyboard in Resources */,
			);
			runOnlyForDeploymentPostprocessing = 0;
		};
/* End PBXResourcesBuildPhase section */

/* Begin PBXSourcesBuildPhase section */
		4B7846AA2ACB371E00A9B69C /* Sources */ = {
			isa = PBXSourcesBuildPhase;
			buildActionMask = 2147483647;
			files = (
				4BFD626D2ACCAC7B00BABF03 /* ImageProcessor.swift in Sources */,
				4BFD62782ACDF0C900BABF03 /* Screenshot+CoreDataProperties.swift in Sources */,
				4B7846B62ACB371E00A9B69C /* ViewController.swift in Sources */,
				4BFD62772ACDF0C900BABF03 /* Screenshot+CoreDataClass.swift in Sources */,
				4B7846C92ACB3CB600A9B69C /* ImageCollectionViewCell.swift in Sources */,
				4B7846B22ACB371E00A9B69C /* AppDelegate.swift in Sources */,
				4BFD62742ACDE58E00BABF03 /* SheetViewController.swift in Sources */,
				4B993ED62AD01D2D0061EEF8 /* MainViewModel.swift in Sources */,
				4B993ED02ACF0A2E0061EEF8 /* ImageRepository.swift in Sources */,
				4B993ED22ACF0BB00061EEF8 /* ImageDataClient.swift in Sources */,
				4B7846BC2ACB371E00A9B69C /* alle_assignment.xcdatamodeld in Sources */,
				4BFD62722ACDDB0F00BABF03 /* Resnet50.mlmodel in Sources */,
				4B7846B42ACB371E00A9B69C /* SceneDelegate.swift in Sources */,
				4B993ED42ACF0D2C0061EEF8 /* AlleImageProcessor.swift in Sources */,
			);
			runOnlyForDeploymentPostprocessing = 0;
		};
/* End PBXSourcesBuildPhase section */

/* Begin PBXVariantGroup section */
		4B7846B72ACB371E00A9B69C /* Main.storyboard */ = {
			isa = PBXVariantGroup;
			children = (
				4B7846B82ACB371E00A9B69C /* Base */,
			);
			name = Main.storyboard;
			sourceTree = "<group>";
		};
		4B7846BF2ACB372000A9B69C /* LaunchScreen.storyboard */ = {
			isa = PBXVariantGroup;
			children = (
				4B7846C02ACB372000A9B69C /* Base */,
			);
			name = LaunchScreen.storyboard;
			sourceTree = "<group>";
		};
/* End PBXVariantGroup section */

/* Begin XCBuildConfiguration section */
		4B7846C32ACB372000A9B69C /* Debug */ = {
			isa = XCBuildConfiguration;
			buildSettings = {
				ALWAYS_SEARCH_USER_PATHS = NO;
				ASSETCATALOG_COMPILER_GENERATE_SWIFT_ASSET_SYMBOL_EXTENSIONS = YES;
				CLANG_ANALYZER_NONNULL = YES;
				CLANG_ANALYZER_NUMBER_OBJECT_CONVERSION = YES_AGGRESSIVE;
				CLANG_CXX_LANGUAGE_STANDARD = "gnu++20";
				CLANG_ENABLE_MODULES = YES;
				CLANG_ENABLE_OBJC_ARC = YES;
				CLANG_ENABLE_OBJC_WEAK = YES;
				CLANG_WARN_BLOCK_CAPTURE_AUTORELEASING = YES;
				CLANG_WARN_BOOL_CONVERSION = YES;
				CLANG_WARN_COMMA = YES;
				CLANG_WARN_CONSTANT_CONVERSION = YES;
				CLANG_WARN_DEPRECATED_OBJC_IMPLEMENTATIONS = YES;
				CLANG_WARN_DIRECT_OBJC_ISA_USAGE = YES_ERROR;
				CLANG_WARN_DOCUMENTATION_COMMENTS = YES;
				CLANG_WARN_EMPTY_BODY = YES;
				CLANG_WARN_ENUM_CONVERSION = YES;
				CLANG_WARN_INFINITE_RECURSION = YES;
				CLANG_WARN_INT_CONVERSION = YES;
				CLANG_WARN_NON_LITERAL_NULL_CONVERSION = YES;
				CLANG_WARN_OBJC_IMPLICIT_RETAIN_SELF = YES;
				CLANG_WARN_OBJC_LITERAL_CONVERSION = YES;
				CLANG_WARN_OBJC_ROOT_CLASS = YES_ERROR;
				CLANG_WARN_QUOTED_INCLUDE_IN_FRAMEWORK_HEADER = YES;
				CLANG_WARN_RANGE_LOOP_ANALYSIS = YES;
				CLANG_WARN_STRICT_PROTOTYPES = YES;
				CLANG_WARN_SUSPICIOUS_MOVE = YES;
				CLANG_WARN_UNGUARDED_AVAILABILITY = YES_AGGRESSIVE;
				CLANG_WARN_UNREACHABLE_CODE = YES;
				CLANG_WARN__DUPLICATE_METHOD_MATCH = YES;
				COPY_PHASE_STRIP = NO;
				DEBUG_INFORMATION_FORMAT = dwarf;
				ENABLE_STRICT_OBJC_MSGSEND = YES;
				ENABLE_TESTABILITY = YES;
				ENABLE_USER_SCRIPT_SANDBOXING = YES;
				GCC_C_LANGUAGE_STANDARD = gnu17;
				GCC_DYNAMIC_NO_PIC = NO;
				GCC_NO_COMMON_BLOCKS = YES;
				GCC_OPTIMIZATION_LEVEL = 0;
				GCC_PREPROCESSOR_DEFINITIONS = (
					"DEBUG=1",
					"$(inherited)",
				);
				GCC_WARN_64_TO_32_BIT_CONVERSION = YES;
				GCC_WARN_ABOUT_RETURN_TYPE = YES_ERROR;
				GCC_WARN_UNDECLARED_SELECTOR = YES;
				GCC_WARN_UNINITIALIZED_AUTOS = YES_AGGRESSIVE;
				GCC_WARN_UNUSED_FUNCTION = YES;
				GCC_WARN_UNUSED_VARIABLE = YES;
				IPHONEOS_DEPLOYMENT_TARGET = 17.0;
				LOCALIZATION_PREFERS_STRING_CATALOGS = YES;
				MTL_ENABLE_DEBUG_INFO = INCLUDE_SOURCE;
				MTL_FAST_MATH = YES;
				ONLY_ACTIVE_ARCH = YES;
				SDKROOT = iphoneos;
				SWIFT_ACTIVE_COMPILATION_CONDITIONS = "DEBUG $(inherited)";
				SWIFT_OPTIMIZATION_LEVEL = "-Onone";
			};
			name = Debug;
		};
		4B7846C42ACB372000A9B69C /* Release */ = {
			isa = XCBuildConfiguration;
			buildSettings = {
				ALWAYS_SEARCH_USER_PATHS = NO;
				ASSETCATALOG_COMPILER_GENERATE_SWIFT_ASSET_SYMBOL_EXTENSIONS = YES;
				CLANG_ANALYZER_NONNULL = YES;
				CLANG_ANALYZER_NUMBER_OBJECT_CONVERSION = YES_AGGRESSIVE;
				CLANG_CXX_LANGUAGE_STANDARD = "gnu++20";
				CLANG_ENABLE_MODULES = YES;
				CLANG_ENABLE_OBJC_ARC = YES;
				CLANG_ENABLE_OBJC_WEAK = YES;
				CLANG_WARN_BLOCK_CAPTURE_AUTORELEASING = YES;
				CLANG_WARN_BOOL_CONVERSION = YES;
				CLANG_WARN_COMMA = YES;
				CLANG_WARN_CONSTANT_CONVERSION = YES;
				CLANG_WARN_DEPRECATED_OBJC_IMPLEMENTATIONS = YES;
				CLANG_WARN_DIRECT_OBJC_ISA_USAGE = YES_ERROR;
				CLANG_WARN_DOCUMENTATION_COMMENTS = YES;
				CLANG_WARN_EMPTY_BODY = YES;
				CLANG_WARN_ENUM_CONVERSION = YES;
				CLANG_WARN_INFINITE_RECURSION = YES;
				CLANG_WARN_INT_CONVERSION = YES;
				CLANG_WARN_NON_LITERAL_NULL_CONVERSION = YES;
				CLANG_WARN_OBJC_IMPLICIT_RETAIN_SELF = YES;
				CLANG_WARN_OBJC_LITERAL_CONVERSION = YES;
				CLANG_WARN_OBJC_ROOT_CLASS = YES_ERROR;
				CLANG_WARN_QUOTED_INCLUDE_IN_FRAMEWORK_HEADER = YES;
				CLANG_WARN_RANGE_LOOP_ANALYSIS = YES;
				CLANG_WARN_STRICT_PROTOTYPES = YES;
				CLANG_WARN_SUSPICIOUS_MOVE = YES;
				CLANG_WARN_UNGUARDED_AVAILABILITY = YES_AGGRESSIVE;
				CLANG_WARN_UNREACHABLE_CODE = YES;
				CLANG_WARN__DUPLICATE_METHOD_MATCH = YES;
				COPY_PHASE_STRIP = NO;
				DEBUG_INFORMATION_FORMAT = "dwarf-with-dsym";
				ENABLE_NS_ASSERTIONS = NO;
				ENABLE_STRICT_OBJC_MSGSEND = YES;
				ENABLE_USER_SCRIPT_SANDBOXING = YES;
				GCC_C_LANGUAGE_STANDARD = gnu17;
				GCC_NO_COMMON_BLOCKS = YES;
				GCC_WARN_64_TO_32_BIT_CONVERSION = YES;
				GCC_WARN_ABOUT_RETURN_TYPE = YES_ERROR;
				GCC_WARN_UNDECLARED_SELECTOR = YES;
				GCC_WARN_UNINITIALIZED_AUTOS = YES_AGGRESSIVE;
				GCC_WARN_UNUSED_FUNCTION = YES;
				GCC_WARN_UNUSED_VARIABLE = YES;
				IPHONEOS_DEPLOYMENT_TARGET = 17.0;
				LOCALIZATION_PREFERS_STRING_CATALOGS = YES;
				MTL_ENABLE_DEBUG_INFO = NO;
				MTL_FAST_MATH = YES;
				SDKROOT = iphoneos;
				SWIFT_COMPILATION_MODE = wholemodule;
				VALIDATE_PRODUCT = YES;
			};
			name = Release;
		};
		4B7846C62ACB372000A9B69C /* Debug */ = {
			isa = XCBuildConfiguration;
			buildSettings = {
				ASSETCATALOG_COMPILER_APPICON_NAME = AppIcon;
				ASSETCATALOG_COMPILER_GLOBAL_ACCENT_COLOR_NAME = AccentColor;
				CODE_SIGN_STYLE = Automatic;
				CURRENT_PROJECT_VERSION = 1;
				DEVELOPMENT_TEAM = C346JFJPW5;
				GENERATE_INFOPLIST_FILE = YES;
				INFOPLIST_FILE = alle_assignment/Info.plist;
				INFOPLIST_KEY_UIApplicationSupportsIndirectInputEvents = YES;
				INFOPLIST_KEY_UILaunchStoryboardName = LaunchScreen;
				INFOPLIST_KEY_UIMainStoryboardFile = Main;
				INFOPLIST_KEY_UISupportedInterfaceOrientations_iPad = "UIInterfaceOrientationPortrait UIInterfaceOrientationPortraitUpsideDown UIInterfaceOrientationLandscapeLeft UIInterfaceOrientationLandscapeRight";
				INFOPLIST_KEY_UISupportedInterfaceOrientations_iPhone = "UIInterfaceOrientationPortrait UIInterfaceOrientationLandscapeLeft UIInterfaceOrientationLandscapeRight";
				LD_RUNPATH_SEARCH_PATHS = (
					"$(inherited)",
					"@executable_path/Frameworks",
				);
				MARKETING_VERSION = 1.0;
				PRODUCT_BUNDLE_IDENTIFIER = "alle.alle-assignment";
				PRODUCT_NAME = "$(TARGET_NAME)";
				SWIFT_EMIT_LOC_STRINGS = YES;
				SWIFT_VERSION = 5.0;
				TARGETED_DEVICE_FAMILY = "1,2";
			};
			name = Debug;
		};
		4B7846C72ACB372000A9B69C /* Release */ = {
			isa = XCBuildConfiguration;
			buildSettings = {
				ASSETCATALOG_COMPILER_APPICON_NAME = AppIcon;
				ASSETCATALOG_COMPILER_GLOBAL_ACCENT_COLOR_NAME = AccentColor;
				CODE_SIGN_STYLE = Automatic;
				CURRENT_PROJECT_VERSION = 1;
				DEVELOPMENT_TEAM = C346JFJPW5;
				GENERATE_INFOPLIST_FILE = YES;
				INFOPLIST_FILE = alle_assignment/Info.plist;
				INFOPLIST_KEY_UIApplicationSupportsIndirectInputEvents = YES;
				INFOPLIST_KEY_UILaunchStoryboardName = LaunchScreen;
				INFOPLIST_KEY_UIMainStoryboardFile = Main;
				INFOPLIST_KEY_UISupportedInterfaceOrientations_iPad = "UIInterfaceOrientationPortrait UIInterfaceOrientationPortraitUpsideDown UIInterfaceOrientationLandscapeLeft UIInterfaceOrientationLandscapeRight";
				INFOPLIST_KEY_UISupportedInterfaceOrientations_iPhone = "UIInterfaceOrientationPortrait UIInterfaceOrientationLandscapeLeft UIInterfaceOrientationLandscapeRight";
				LD_RUNPATH_SEARCH_PATHS = (
					"$(inherited)",
					"@executable_path/Frameworks",
				);
				MARKETING_VERSION = 1.0;
				PRODUCT_BUNDLE_IDENTIFIER = "alle.alle-assignment";
				PRODUCT_NAME = "$(TARGET_NAME)";
				SWIFT_EMIT_LOC_STRINGS = YES;
				SWIFT_VERSION = 5.0;
				TARGETED_DEVICE_FAMILY = "1,2";
			};
			name = Release;
		};
/* End XCBuildConfiguration section */

/* Begin XCConfigurationList section */
		4B7846A92ACB371E00A9B69C /* Build configuration list for PBXProject "alle_assignment" */ = {
			isa = XCConfigurationList;
			buildConfigurations = (
				4B7846C32ACB372000A9B69C /* Debug */,
				4B7846C42ACB372000A9B69C /* Release */,
			);
			defaultConfigurationIsVisible = 0;
			defaultConfigurationName = Release;
		};
		4B7846C52ACB372000A9B69C /* Build configuration list for PBXNativeTarget "alle_assignment" */ = {
			isa = XCConfigurationList;
			buildConfigurations = (
				4B7846C62ACB372000A9B69C /* Debug */,
				4B7846C72ACB372000A9B69C /* Release */,
			);
			defaultConfigurationIsVisible = 0;
			defaultConfigurationName = Release;
		};
/* End XCConfigurationList section */

/* Begin XCVersionGroup section */
		4B7846BA2ACB371E00A9B69C /* alle_assignment.xcdatamodeld */ = {
			isa = XCVersionGroup;
			children = (
				4B7846BB2ACB371E00A9B69C /* alle_assignment.xcdatamodel */,
			);
			currentVersion = 4B7846BB2ACB371E00A9B69C /* alle_assignment.xcdatamodel */;
			path = alle_assignment.xcdatamodeld;
			sourceTree = "<group>";
			versionGroupType = wrapper.xcdatamodel;
		};
/* End XCVersionGroup section */
	};
	rootObject = 4B7846A62ACB371E00A9B69C /* Project object */;
}
